
Microsoft Visual Studio Solution File, Format Version 12.00
# Visual Studio Version 16
VisualStudioVersion = 16.0.30114.105
MinimumVisualStudioVersion = 10.0.40219.1
Project("{FAE04EC0-301F-11D3-BF4B-00C04F79EFBC}") = "Kerbal Autoland Mechanisms", "Kerbal Autoland Mechanisms.csproj", "{9CE50175-C8A5-4EA7-A1DF-57CB0FD3B3CE}"
EndProject
Project("{FAE04EC0-301F-11D3-BF4B-00C04F79EFBC}") = "KAMUIAssembely", "..\KAMUIAssembely\KAMUIAssembely.csproj", "{A40D6CB7-644A-4C82-B58B-6E3C770645B1}"
EndProject
Global
	GlobalSection(SolutionConfigurationPlatforms) = preSolution
		Debug|Any CPU = Debug|Any CPU
		Release|Any CPU = Release|Any CPU
	EndGlobalSection
	GlobalSection(ProjectConfigurationPlatforms) = postSolution
		{9CE50175-C8A5-4EA7-A1DF-57CB0FD3B3CE}.Debug|Any CPU.ActiveCfg = Debug|Any CPU
		{9CE50175-C8A5-4EA7-A1DF-57CB0FD3B3CE}.Debug|Any CPU.Build.0 = Debug|Any CPU
		{9CE50175-C8A5-4EA7-A1DF-57CB0FD3B3CE}.Release|Any CPU.ActiveCfg = Release|Any CPU
		{9CE50175-C8A5-4EA7-A1DF-57CB0FD3B3CE}.Release|Any CPU.Build.0 = Release|Any CPU
		{A40D6CB7-644A-4C82-B58B-6E3C770645B1}.Debug|Any CPU.ActiveCfg = Debug|Any CPU
		{A40D6CB7-644A-4C82-B58B-6E3C770645B1}.Debug|Any CPU.Build.0 = Debug|Any CPU
		{A40D6CB7-644A-4C82-B58B-6E3C770645B1}.Release|Any CPU.ActiveCfg = Release|Any CPU
		{A40D6CB7-644A-4C82-B58B-6E3C770645B1}.Release|Any CPU.Build.0 = Release|Any CPU
	EndGlobalSection
	GlobalSection(SolutionProperties) = preSolution
		HideSolutionNode = FALSE
	EndGlobalSection
	GlobalSection(ExtensibilityGlobals) = postSolution
		SolutionGuid = {52EC4988-0EDD-4BC8-8E73-A535B28A57DC}
	EndGlobalSection
EndGlobal
